
Microsoft Visual Studio Solution File, Format Version 12.00
# Visual Studio Version 17
VisualStudioVersion = 17.12.35707.178 d17.12
MinimumVisualStudioVersion = 10.0.40219.1
Project("{FAE04EC0-301F-11D3-BF4B-00C04F79EFBC}") = "MovieVerse", "MovieVerse\MovieVerse.csproj", "{92D14A10-049B-4ACD-A00A-77A14D0A4FAC}"
EndProject
Global
	GlobalSection(SolutionConfigurationPlatforms) = preSolution
		Debug|Any CPU = Debug|Any CPU
		Release|Any CPU = Release|Any CPU
	EndGlobalSection
	GlobalSection(ProjectConfigurationPlatforms) = postSolution
		{92D14A10-049B-4ACD-A00A-77A14D0A4FAC}.Debug|Any CPU.ActiveCfg = Debug|Any CPU
		{92D14A10-049B-4ACD-A00A-77A14D0A4FAC}.Debug|Any CPU.Build.0 = Debug|Any CPU
		{92D14A10-049B-4ACD-A00A-77A14D0A4FAC}.Release|Any CPU.ActiveCfg = Release|Any CPU
		{92D14A10-049B-4ACD-A00A-77A14D0A4FAC}.Release|Any CPU.Build.0 = Release|Any CPU
	EndGlobalSection
	GlobalSection(SolutionProperties) = preSolution
		HideSolutionNode = FALSE
	EndGlobalSection
EndGlobal
